
Microsoft Visual Studio Solution File, Format Version 12.00
# Visual Studio 14
VisualStudioVersion = 14.0.25420.1
MinimumVisualStudioVersion = 10.0.40219.1
Project("{8BB2217D-0F2D-49D1-97BC-3654ED321F3B}") = "CourseManager.Core", "CourseManager.Core\CourseManager.Core.xproj", "{EB127753-E998-4445-98C4-374A65A6A6AC}"
EndProject
Project("{8BB2217D-0F2D-49D1-97BC-3654ED321F3B}") = "CourseManager.Infrastructure", "CourseManager.Infrastructure\CourseManager.Infrastructure.xproj", "{40DDB1D1-F405-4605-A8C9-333481936E94}"
EndProject
Project("{8BB2217D-0F2D-49D1-97BC-3654ED321F3B}") = "CourseManager.Web", "CourseManager.Web\CourseManager.Web.xproj", "{98D81344-2A22-4800-9E78-8EE0CBB17EE6}"
EndProject
Global
	GlobalSection(SolutionConfigurationPlatforms) = preSolution
		Debug|Any CPU = Debug|Any CPU
		Release|Any CPU = Release|Any CPU
	EndGlobalSection
	GlobalSection(ProjectConfigurationPlatforms) = postSolution
		{EB127753-E998-4445-98C4-374A65A6A6AC}.Debug|Any CPU.ActiveCfg = Debug|Any CPU
		{EB127753-E998-4445-98C4-374A65A6A6AC}.Debug|Any CPU.Build.0 = Debug|Any CPU
		{EB127753-E998-4445-98C4-374A65A6A6AC}.Release|Any CPU.ActiveCfg = Release|Any CPU
		{EB127753-E998-4445-98C4-374A65A6A6AC}.Release|Any CPU.Build.0 = Release|Any CPU
		{40DDB1D1-F405-4605-A8C9-333481936E94}.Debug|Any CPU.ActiveCfg = Debug|Any CPU
		{40DDB1D1-F405-4605-A8C9-333481936E94}.Debug|Any CPU.Build.0 = Debug|Any CPU
		{40DDB1D1-F405-4605-A8C9-333481936E94}.Release|Any CPU.ActiveCfg = Release|Any CPU
		{40DDB1D1-F405-4605-A8C9-333481936E94}.Release|Any CPU.Build.0 = Release|Any CPU
		{98D81344-2A22-4800-9E78-8EE0CBB17EE6}.Debug|Any CPU.ActiveCfg = Debug|Any CPU
		{98D81344-2A22-4800-9E78-8EE0CBB17EE6}.Debug|Any CPU.Build.0 = Debug|Any CPU
		{98D81344-2A22-4800-9E78-8EE0CBB17EE6}.Release|Any CPU.ActiveCfg = Release|Any CPU
		{98D81344-2A22-4800-9E78-8EE0CBB17EE6}.Release|Any CPU.Build.0 = Release|Any CPU
	EndGlobalSection
	GlobalSection(SolutionProperties) = preSolution
		HideSolutionNode = FALSE
	EndGlobalSection
EndGlobal
